
Microsoft Visual Studio Solution File, Format Version 12.00
# Visual Studio Version 17
VisualStudioVersion = 17.2.32630.192
MinimumVisualStudioVersion = 10.0.40219.1
Project("{2150E333-8FDC-42A3-9474-1A3956D46DE8}") = "Solution Items", "Solution Items", "{EB9E1163-C615-475F-80E0-B00FA302933B}"
	ProjectSection(SolutionItems) = preProject
		..\.gitignore = ..\.gitignore
		..\icon.png = ..\icon.png
		..\LICENSE = ..\LICENSE
		..\README.md = ..\README.md
	EndProjectSection
EndProject
Project("{9A19103F-16F7-4668-BE54-9A1E7A4F7556}") = "DependencyInjection.Decorators", "DependencyInjection.Decorators\DependencyInjection.Decorators.csproj", "{41A8C66F-7433-412A-9E00-2C66E3F0734E}"
EndProject
Project("{9A19103F-16F7-4668-BE54-9A1E7A4F7556}") = "DependencyInjection.Decorators.Tests", "..\tests\DependencyInjection.Decorators.Tests\DependencyInjection.Decorators.Tests.csproj", "{992C26C2-2AFA-4A3E-941F-12F6E0AA7D91}"
EndProject
Global
	GlobalSection(SolutionConfigurationPlatforms) = preSolution
		Debug|Any CPU = Debug|Any CPU
		Release|Any CPU = Release|Any CPU
	EndGlobalSection
	GlobalSection(ProjectConfigurationPlatforms) = postSolution
		{41A8C66F-7433-412A-9E00-2C66E3F0734E}.Debug|Any CPU.ActiveCfg = Debug|Any CPU
		{41A8C66F-7433-412A-9E00-2C66E3F0734E}.Debug|Any CPU.Build.0 = Debug|Any CPU
		{41A8C66F-7433-412A-9E00-2C66E3F0734E}.Release|Any CPU.ActiveCfg = Release|Any CPU
		{41A8C66F-7433-412A-9E00-2C66E3F0734E}.Release|Any CPU.Build.0 = Release|Any CPU
		{992C26C2-2AFA-4A3E-941F-12F6E0AA7D91}.Debug|Any CPU.ActiveCfg = Debug|Any CPU
		{992C26C2-2AFA-4A3E-941F-12F6E0AA7D91}.Debug|Any CPU.Build.0 = Debug|Any CPU
		{992C26C2-2AFA-4A3E-941F-12F6E0AA7D91}.Release|Any CPU.ActiveCfg = Release|Any CPU
		{992C26C2-2AFA-4A3E-941F-12F6E0AA7D91}.Release|Any CPU.Build.0 = Release|Any CPU
	EndGlobalSection
	GlobalSection(SolutionProperties) = preSolution
		HideSolutionNode = FALSE
	EndGlobalSection
	GlobalSection(ExtensibilityGlobals) = postSolution
		SolutionGuid = {C3A63D91-54BE-4F87-BADC-3265F8C08436}
	EndGlobalSection
EndGlobal
