
Microsoft Visual Studio Solution File, Format Version 12.00
# Visual Studio Version 17
VisualStudioVersion = 17.2.32630.192
MinimumVisualStudioVersion = 10.0.40219.1
Project("{FAE04EC0-301F-11D3-BF4B-00C04F79EFBC}") = "NetStandard.DependencyInjection.Decorators", "NetStandard.DependencyInjection.Decorators\NetStandard.DependencyInjection.Decorators.csproj", "{89E9F377-DA9E-4CD0-B463-5EC805E9ADFA}"
EndProject
Project("{FAE04EC0-301F-11D3-BF4B-00C04F79EFBC}") = "NetStandard.DependencyInjection.Decorators.Tests", "..\tests\NetStandard.DependencyInjection.Decorators.Tests\NetStandard.DependencyInjection.Decorators.Tests.csproj", "{65D77C0F-5325-4626-B1A4-346ED3FF3B9D}"
EndProject
Global
	GlobalSection(SolutionConfigurationPlatforms) = preSolution
		Debug|Any CPU = Debug|Any CPU
		Release|Any CPU = Release|Any CPU
	EndGlobalSection
	GlobalSection(ProjectConfigurationPlatforms) = postSolution
		{89E9F377-DA9E-4CD0-B463-5EC805E9ADFA}.Debug|Any CPU.ActiveCfg = Debug|Any CPU
		{89E9F377-DA9E-4CD0-B463-5EC805E9ADFA}.Debug|Any CPU.Build.0 = Debug|Any CPU
		{89E9F377-DA9E-4CD0-B463-5EC805E9ADFA}.Release|Any CPU.ActiveCfg = Release|Any CPU
		{89E9F377-DA9E-4CD0-B463-5EC805E9ADFA}.Release|Any CPU.Build.0 = Release|Any CPU
		{65D77C0F-5325-4626-B1A4-346ED3FF3B9D}.Debug|Any CPU.ActiveCfg = Debug|Any CPU
		{65D77C0F-5325-4626-B1A4-346ED3FF3B9D}.Debug|Any CPU.Build.0 = Debug|Any CPU
		{65D77C0F-5325-4626-B1A4-346ED3FF3B9D}.Release|Any CPU.ActiveCfg = Release|Any CPU
		{65D77C0F-5325-4626-B1A4-346ED3FF3B9D}.Release|Any CPU.Build.0 = Release|Any CPU
	EndGlobalSection
	GlobalSection(SolutionProperties) = preSolution
		HideSolutionNode = FALSE
	EndGlobalSection
	GlobalSection(ExtensibilityGlobals) = postSolution
		SolutionGuid = {C3A63D91-54BE-4F87-BADC-3265F8C08436}
	EndGlobalSection
EndGlobal
